Microsoft Visual Studio Solution File, Format Version 12.00
Project("{2150E333-8FDC-42A3-9474-1A3956D46DE8}") = "src", "src", "{A478E58C-B04A-4427-B51E-1D3EEF2BACC4}"
EndProject
Project("{2150E333-8FDC-42A3-9474-1A3956D46DE8}") = "Ordering", "Ordering", "{8210090F-4E59-4637-AB26-734BBA16F55B}"
EndProject
Project("{FAE04EC0-301F-11D3-BF4B-00C04F79EFBC}") = "Ordering.Api", "Ordering.Api\Ordering.Api.csproj", "{20FEBD40-A14E-41C6-AFD0-7AE28B60E223}"
EndProject
Project("{2150E333-8FDC-42A3-9474-1A3956D46DE8}") = "Solution Items", "Solution Items", "{FFA99582-ABDA-47CF-A68E-D3DF7158F4E5}"
	ProjectSection(SolutionItems) = preProject
		compose.yaml = compose.yaml
	EndProjectSection
EndProject
Project("{FAE04EC0-301F-11D3-BF4B-00C04F79EFBC}") = "Ordering.Domain", "Ordering.Domain\Ordering.Domain.csproj", "{51C9F775-B6CC-486A-B11E-1D3D37A38088}"
EndProject
Project("{FAE04EC0-301F-11D3-BF4B-00C04F79EFBC}") = "Ordering.Infrastructure", "Ordering.Infrastructure\Ordering.Infrastructure.csproj", "{40131649-BFAD-43AD-A581-3E088C05C4E6}"
EndProject
Project("{FAE04EC0-301F-11D3-BF4B-00C04F79EFBC}") = "SharedKernel", "SharedKernel\SharedKernel.csproj", "{9043AB14-4E8D-491E-BC3C-BFEDDA315707}"
EndProject
Project("{2150E333-8FDC-42A3-9474-1A3956D46DE8}") = "Shipment", "Shipment", "{B975417F-58F4-4E71-82CB-057AC20F4CE1}"
EndProject
Project("{FAE04EC0-301F-11D3-BF4B-00C04F79EFBC}") = "Shipment.Domain", "Shipment.Domain\Shipment.Domain.csproj", "{FB7DF4DB-AAA7-4AE2-BC9B-9DDAC935A2AA}"
EndProject
Project("{FAE04EC0-301F-11D3-BF4B-00C04F79EFBC}") = "Shipment.Infrastructure", "Shipment.Infrastructure\Shipment.Infrastructure.csproj", "{E47B2C1F-8D5E-4A9B-B3C8-1F9E8A3B2C1D}"
EndProject
Project("{FAE04EC0-301F-11D3-BF4B-00C04F79EFBC}") = "Invoicing.Domain", "Invoicing.Domain\Invoicing.Domain.csproj", "{4D099A47-BAB8-4642-9161-D7D53B29029B}"
EndProject
Project("{2150E333-8FDC-42A3-9474-1A3956D46DE8}") = "Invoicing", "Invoicing", "{43B1428F-73F9-4712-806D-F5C6D8357D6D}"
EndProject
Project("{FAE04EC0-301F-11D3-BF4B-00C04F79EFBC}") = "Invoicing.Infrastructure", "Invoicing.Infrastructure\Invoicing.Infrastructure.csproj", "{D59E5825-6B28-457C-8632-0355A7F5F7FB}"
EndProject
Global
	GlobalSection(SolutionConfigurationPlatforms) = preSolution
		Debug|Any CPU = Debug|Any CPU
		Debug|x64 = Debug|x64
		Debug|x86 = Debug|x86
		Release|Any CPU = Release|Any CPU
		Release|x64 = Release|x64
		Release|x86 = Release|x86
	EndGlobalSection
	GlobalSection(ProjectConfigurationPlatforms) = postSolution
		{20FEBD40-A14E-41C6-AFD0-7AE28B60E223}.Debug|Any CPU.ActiveCfg = Debug|Any CPU
		{20FEBD40-A14E-41C6-AFD0-7AE28B60E223}.Debug|Any CPU.Build.0 = Debug|Any CPU
		{20FEBD40-A14E-41C6-AFD0-7AE28B60E223}.Debug|x64.ActiveCfg = Debug|Any CPU
		{20FEBD40-A14E-41C6-AFD0-7AE28B60E223}.Debug|x64.Build.0 = Debug|Any CPU
		{20FEBD40-A14E-41C6-AFD0-7AE28B60E223}.Debug|x86.ActiveCfg = Debug|Any CPU
		{20FEBD40-A14E-41C6-AFD0-7AE28B60E223}.Debug|x86.Build.0 = Debug|Any CPU
		{20FEBD40-A14E-41C6-AFD0-7AE28B60E223}.Release|Any CPU.ActiveCfg = Release|Any CPU
		{20FEBD40-A14E-41C6-AFD0-7AE28B60E223}.Release|Any CPU.Build.0 = Release|Any CPU
		{20FEBD40-A14E-41C6-AFD0-7AE28B60E223}.Release|x64.ActiveCfg = Release|Any CPU
		{20FEBD40-A14E-41C6-AFD0-7AE28B60E223}.Release|x64.Build.0 = Release|Any CPU
		{20FEBD40-A14E-41C6-AFD0-7AE28B60E223}.Release|x86.ActiveCfg = Release|Any CPU
		{20FEBD40-A14E-41C6-AFD0-7AE28B60E223}.Release|x86.Build.0 = Release|Any CPU
		{51C9F775-B6CC-486A-B11E-1D3D37A38088}.Debug|Any CPU.ActiveCfg = Debug|Any CPU
		{51C9F775-B6CC-486A-B11E-1D3D37A38088}.Debug|Any CPU.Build.0 = Debug|Any CPU
		{51C9F775-B6CC-486A-B11E-1D3D37A38088}.Debug|x64.ActiveCfg = Debug|Any CPU
		{51C9F775-B6CC-486A-B11E-1D3D37A38088}.Debug|x64.Build.0 = Debug|Any CPU
		{51C9F775-B6CC-486A-B11E-1D3D37A38088}.Debug|x86.ActiveCfg = Debug|Any CPU
		{51C9F775-B6CC-486A-B11E-1D3D37A38088}.Debug|x86.Build.0 = Debug|Any CPU
		{51C9F775-B6CC-486A-B11E-1D3D37A38088}.Release|Any CPU.ActiveCfg = Release|Any CPU
		{51C9F775-B6CC-486A-B11E-1D3D37A38088}.Release|Any CPU.Build.0 = Release|Any CPU
		{51C9F775-B6CC-486A-B11E-1D3D37A38088}.Release|x64.ActiveCfg = Release|Any CPU
		{51C9F775-B6CC-486A-B11E-1D3D37A38088}.Release|x64.Build.0 = Release|Any CPU
		{51C9F775-B6CC-486A-B11E-1D3D37A38088}.Release|x86.ActiveCfg = Release|Any CPU
		{51C9F775-B6CC-486A-B11E-1D3D37A38088}.Release|x86.Build.0 = Release|Any CPU
		{40131649-BFAD-43AD-A581-3E088C05C4E6}.Debug|Any CPU.ActiveCfg = Debug|Any CPU
		{40131649-BFAD-43AD-A581-3E088C05C4E6}.Debug|Any CPU.Build.0 = Debug|Any CPU
		{40131649-BFAD-43AD-A581-3E088C05C4E6}.Debug|x64.ActiveCfg = Debug|Any CPU
		{40131649-BFAD-43AD-A581-3E088C05C4E6}.Debug|x64.Build.0 = Debug|Any CPU
		{40131649-BFAD-43AD-A581-3E088C05C4E6}.Debug|x86.ActiveCfg = Debug|Any CPU
		{40131649-BFAD-43AD-A581-3E088C05C4E6}.Debug|x86.Build.0 = Debug|Any CPU
		{40131649-BFAD-43AD-A581-3E088C05C4E6}.Release|Any CPU.ActiveCfg = Release|Any CPU
		{40131649-BFAD-43AD-A581-3E088C05C4E6}.Release|Any CPU.Build.0 = Release|Any CPU
		{40131649-BFAD-43AD-A581-3E088C05C4E6}.Release|x64.ActiveCfg = Release|Any CPU
		{40131649-BFAD-43AD-A581-3E088C05C4E6}.Release|x64.Build.0 = Release|Any CPU
		{40131649-BFAD-43AD-A581-3E088C05C4E6}.Release|x86.ActiveCfg = Release|Any CPU
		{40131649-BFAD-43AD-A581-3E088C05C4E6}.Release|x86.Build.0 = Release|Any CPU
		{9043AB14-4E8D-491E-BC3C-BFEDDA315707}.Debug|Any CPU.ActiveCfg = Debug|Any CPU
		{9043AB14-4E8D-491E-BC3C-BFEDDA315707}.Debug|Any CPU.Build.0 = Debug|Any CPU
		{9043AB14-4E8D-491E-BC3C-BFEDDA315707}.Debug|x64.ActiveCfg = Debug|Any CPU
		{9043AB14-4E8D-491E-BC3C-BFEDDA315707}.Debug|x64.Build.0 = Debug|Any CPU
		{9043AB14-4E8D-491E-BC3C-BFEDDA315707}.Debug|x86.ActiveCfg = Debug|Any CPU
		{9043AB14-4E8D-491E-BC3C-BFEDDA315707}.Debug|x86.Build.0 = Debug|Any CPU
		{9043AB14-4E8D-491E-BC3C-BFEDDA315707}.Release|Any CPU.ActiveCfg = Release|Any CPU
		{9043AB14-4E8D-491E-BC3C-BFEDDA315707}.Release|Any CPU.Build.0 = Release|Any CPU
		{9043AB14-4E8D-491E-BC3C-BFEDDA315707}.Release|x64.ActiveCfg = Release|Any CPU
		{9043AB14-4E8D-491E-BC3C-BFEDDA315707}.Release|x64.Build.0 = Release|Any CPU
		{9043AB14-4E8D-491E-BC3C-BFEDDA315707}.Release|x86.ActiveCfg = Release|Any CPU
		{9043AB14-4E8D-491E-BC3C-BFEDDA315707}.Release|x86.Build.0 = Release|Any CPU
		{FB7DF4DB-AAA7-4AE2-BC9B-9DDAC935A2AA}.Debug|Any CPU.ActiveCfg = Debug|Any CPU
		{FB7DF4DB-AAA7-4AE2-BC9B-9DDAC935A2AA}.Debug|Any CPU.Build.0 = Debug|Any CPU
		{FB7DF4DB-AAA7-4AE2-BC9B-9DDAC935A2AA}.Debug|x64.ActiveCfg = Debug|Any CPU
		{FB7DF4DB-AAA7-4AE2-BC9B-9DDAC935A2AA}.Debug|x64.Build.0 = Debug|Any CPU
		{FB7DF4DB-AAA7-4AE2-BC9B-9DDAC935A2AA}.Debug|x86.ActiveCfg = Debug|Any CPU
		{FB7DF4DB-AAA7-4AE2-BC9B-9DDAC935A2AA}.Debug|x86.Build.0 = Debug|Any CPU
		{FB7DF4DB-AAA7-4AE2-BC9B-9DDAC935A2AA}.Release|Any CPU.ActiveCfg = Release|Any CPU
		{FB7DF4DB-AAA7-4AE2-BC9B-9DDAC935A2AA}.Release|Any CPU.Build.0 = Release|Any CPU
		{FB7DF4DB-AAA7-4AE2-BC9B-9DDAC935A2AA}.Release|x64.ActiveCfg = Release|Any CPU
		{FB7DF4DB-AAA7-4AE2-BC9B-9DDAC935A2AA}.Release|x64.Build.0 = Release|Any CPU
		{FB7DF4DB-AAA7-4AE2-BC9B-9DDAC935A2AA}.Release|x86.ActiveCfg = Release|Any CPU
		{FB7DF4DB-AAA7-4AE2-BC9B-9DDAC935A2AA}.Release|x86.Build.0 = Release|Any CPU
		{E47B2C1F-8D5E-4A9B-B3C8-1F9E8A3B2C1D}.Debug|Any CPU.ActiveCfg = Debug|Any CPU
		{E47B2C1F-8D5E-4A9B-B3C8-1F9E8A3B2C1D}.Debug|Any CPU.Build.0 = Debug|Any CPU
		{E47B2C1F-8D5E-4A9B-B3C8-1F9E8A3B2C1D}.Debug|x64.ActiveCfg = Debug|Any CPU
		{E47B2C1F-8D5E-4A9B-B3C8-1F9E8A3B2C1D}.Debug|x64.Build.0 = Debug|Any CPU
		{E47B2C1F-8D5E-4A9B-B3C8-1F9E8A3B2C1D}.Debug|x86.ActiveCfg = Debug|Any CPU
		{E47B2C1F-8D5E-4A9B-B3C8-1F9E8A3B2C1D}.Debug|x86.Build.0 = Debug|Any CPU
		{E47B2C1F-8D5E-4A9B-B3C8-1F9E8A3B2C1D}.Release|Any CPU.ActiveCfg = Release|Any CPU
		{E47B2C1F-8D5E-4A9B-B3C8-1F9E8A3B2C1D}.Release|Any CPU.Build.0 = Release|Any CPU
		{E47B2C1F-8D5E-4A9B-B3C8-1F9E8A3B2C1D}.Release|x64.ActiveCfg = Release|Any CPU
		{E47B2C1F-8D5E-4A9B-B3C8-1F9E8A3B2C1D}.Release|x64.Build.0 = Release|Any CPU
		{E47B2C1F-8D5E-4A9B-B3C8-1F9E8A3B2C1D}.Release|x86.ActiveCfg = Release|Any CPU
		{E47B2C1F-8D5E-4A9B-B3C8-1F9E8A3B2C1D}.Release|x86.Build.0 = Release|Any CPU
		{4D099A47-BAB8-4642-9161-D7D53B29029B}.Debug|Any CPU.ActiveCfg = Debug|Any CPU
		{4D099A47-BAB8-4642-9161-D7D53B29029B}.Debug|Any CPU.Build.0 = Debug|Any CPU
		{4D099A47-BAB8-4642-9161-D7D53B29029B}.Debug|x64.ActiveCfg = Debug|Any CPU
		{4D099A47-BAB8-4642-9161-D7D53B29029B}.Debug|x64.Build.0 = Debug|Any CPU
		{4D099A47-BAB8-4642-9161-D7D53B29029B}.Debug|x86.ActiveCfg = Debug|Any CPU
		{4D099A47-BAB8-4642-9161-D7D53B29029B}.Debug|x86.Build.0 = Debug|Any CPU
		{4D099A47-BAB8-4642-9161-D7D53B29029B}.Release|Any CPU.ActiveCfg = Release|Any CPU
		{4D099A47-BAB8-4642-9161-D7D53B29029B}.Release|Any CPU.Build.0 = Release|Any CPU
		{4D099A47-BAB8-4642-9161-D7D53B29029B}.Release|x64.ActiveCfg = Release|Any CPU
		{4D099A47-BAB8-4642-9161-D7D53B29029B}.Release|x64.Build.0 = Release|Any CPU
		{4D099A47-BAB8-4642-9161-D7D53B29029B}.Release|x86.ActiveCfg = Release|Any CPU
		{4D099A47-BAB8-4642-9161-D7D53B29029B}.Release|x86.Build.0 = Release|Any CPU
		{D59E5825-6B28-457C-8632-0355A7F5F7FB}.Debug|Any CPU.ActiveCfg = Debug|Any CPU
		{D59E5825-6B28-457C-8632-0355A7F5F7FB}.Debug|Any CPU.Build.0 = Debug|Any CPU
		{D59E5825-6B28-457C-8632-0355A7F5F7FB}.Debug|x64.ActiveCfg = Debug|Any CPU
		{D59E5825-6B28-457C-8632-0355A7F5F7FB}.Debug|x64.Build.0 = Debug|Any CPU
		{D59E5825-6B28-457C-8632-0355A7F5F7FB}.Debug|x86.ActiveCfg = Debug|Any CPU
		{D59E5825-6B28-457C-8632-0355A7F5F7FB}.Debug|x86.Build.0 = Debug|Any CPU
		{D59E5825-6B28-457C-8632-0355A7F5F7FB}.Release|Any CPU.ActiveCfg = Release|Any CPU
		{D59E5825-6B28-457C-8632-0355A7F5F7FB}.Release|Any CPU.Build.0 = Release|Any CPU
		{D59E5825-6B28-457C-8632-0355A7F5F7FB}.Release|x64.ActiveCfg = Release|Any CPU
		{D59E5825-6B28-457C-8632-0355A7F5F7FB}.Release|x64.Build.0 = Release|Any CPU
		{D59E5825-6B28-457C-8632-0355A7F5F7FB}.Release|x86.ActiveCfg = Release|Any CPU
		{D59E5825-6B28-457C-8632-0355A7F5F7FB}.Release|x86.Build.0 = Release|Any CPU
	EndGlobalSection
	GlobalSection(SolutionProperties) = preSolution
		HideSolutionNode = FALSE
	EndGlobalSection
	GlobalSection(NestedProjects) = preSolution
		{8210090F-4E59-4637-AB26-734BBA16F55B} = {A478E58C-B04A-4427-B51E-1D3EEF2BACC4}
		{20FEBD40-A14E-41C6-AFD0-7AE28B60E223} = {8210090F-4E59-4637-AB26-734BBA16F55B}
		{40131649-BFAD-43AD-A581-3E088C05C4E6} = {8210090F-4E59-4637-AB26-734BBA16F55B}
		{B975417F-58F4-4E71-82CB-057AC20F4CE1} = {A478E58C-B04A-4427-B51E-1D3EEF2BACC4}
		{FB7DF4DB-AAA7-4AE2-BC9B-9DDAC935A2AA} = {B975417F-58F4-4E71-82CB-057AC20F4CE1}
		{E47B2C1F-8D5E-4A9B-B3C8-1F9E8A3B2C1D} = {B975417F-58F4-4E71-82CB-057AC20F4CE1}
		{4D099A47-BAB8-4642-9161-D7D53B29029B} = {43B1428F-73F9-4712-806D-F5C6D8357D6D}
		{D59E5825-6B28-457C-8632-0355A7F5F7FB} = {43B1428F-73F9-4712-806D-F5C6D8357D6D}
		{43B1428F-73F9-4712-806D-F5C6D8357D6D} = {A478E58C-B04A-4427-B51E-1D3EEF2BACC4}
		{51C9F775-B6CC-486A-B11E-1D3D37A38088} = {8210090F-4E59-4637-AB26-734BBA16F55B}
	EndGlobalSection
EndGlobal
